
Microsoft Visual Studio Solution File, Format Version 12.00
# Visual Studio Version 17
VisualStudioVersion = 17.2.32616.157
MinimumVisualStudioVersion = 10.0.40219.1
Project("{9A19103F-16F7-4668-BE54-9A1E7A4F7556}") = "NN01", "NN01\NN01.csproj", "{88D5EE92-9BB5-452D-B6F7-5A7600402EC0}"
EndProject
Project("{FAE04EC0-301F-11D3-BF4B-00C04F79EFBC}") = "Test", "NN01-Test\Test.csproj", "{8BCCFCB3-734C-444F-9AA2-9C67AB7001B0}"
EndProject
Global
	GlobalSection(SolutionConfigurationPlatforms) = preSolution
		Debug|Any CPU = Debug|Any CPU
		Debug|x64 = Debug|x64
		Release|Any CPU = Release|Any CPU
		Release|x64 = Release|x64
	EndGlobalSection
	GlobalSection(ProjectConfigurationPlatforms) = postSolution
		{88D5EE92-9BB5-452D-B6F7-5A7600402EC0}.Debug|Any CPU.ActiveCfg = Debug|Any CPU
		{88D5EE92-9BB5-452D-B6F7-5A7600402EC0}.Debug|Any CPU.Build.0 = Debug|Any CPU
		{88D5EE92-9BB5-452D-B6F7-5A7600402EC0}.Debug|x64.ActiveCfg = Debug|x64
		{88D5EE92-9BB5-452D-B6F7-5A7600402EC0}.Debug|x64.Build.0 = Debug|x64
		{88D5EE92-9BB5-452D-B6F7-5A7600402EC0}.Release|Any CPU.ActiveCfg = Release|Any CPU
		{88D5EE92-9BB5-452D-B6F7-5A7600402EC0}.Release|Any CPU.Build.0 = Release|Any CPU
		{88D5EE92-9BB5-452D-B6F7-5A7600402EC0}.Release|x64.ActiveCfg = Release|x64
		{88D5EE92-9BB5-452D-B6F7-5A7600402EC0}.Release|x64.Build.0 = Release|x64
		{8BCCFCB3-734C-444F-9AA2-9C67AB7001B0}.Debug|Any CPU.ActiveCfg = Debug|Any CPU
		{8BCCFCB3-734C-444F-9AA2-9C67AB7001B0}.Debug|Any CPU.Build.0 = Debug|Any CPU
		{8BCCFCB3-734C-444F-9AA2-9C67AB7001B0}.Debug|x64.ActiveCfg = Debug|Any CPU
		{8BCCFCB3-734C-444F-9AA2-9C67AB7001B0}.Debug|x64.Build.0 = Debug|Any CPU
		{8BCCFCB3-734C-444F-9AA2-9C67AB7001B0}.Release|Any CPU.ActiveCfg = Release|Any CPU
		{8BCCFCB3-734C-444F-9AA2-9C67AB7001B0}.Release|Any CPU.Build.0 = Release|Any CPU
		{8BCCFCB3-734C-444F-9AA2-9C67AB7001B0}.Release|x64.ActiveCfg = Release|Any CPU
		{8BCCFCB3-734C-444F-9AA2-9C67AB7001B0}.Release|x64.Build.0 = Release|Any CPU
	EndGlobalSection
	GlobalSection(SolutionProperties) = preSolution
		HideSolutionNode = FALSE
	EndGlobalSection
	GlobalSection(ExtensibilityGlobals) = postSolution
		SolutionGuid = {B17AFB7F-111D-4250-86B3-585BA9AD26C7}
	EndGlobalSection
EndGlobal
